<Solution>
  <Folder Name="/src/">
    <Project Path="src/DropZone.App/DropZone.App.csproj" />
    <Project Path="src/DropZone.Cli/DropZone.Cli.csproj" />
    <Project Path="src/DropZone.Core/DropZone.Core.csproj" />
    <Project Path="src/DropZone.LocalSend/DropZone.LocalSend.csproj" />
    <Project Path="src/DropZone.Mcp/DropZone.Mcp.csproj" />
    <Project Path="src/DropZone.Mtp/DropZone.Mtp.csproj" />
  </Folder>
  <Folder Name="/tests/">
    <Project Path="tests/DropZone.App.Tests/DropZone.App.Tests.csproj" />
    <Project Path="tests/DropZone.LocalSend.Tests/DropZone.LocalSend.Tests.csproj" />
    <Project Path="tests/DropZone.Mtp.Tests/DropZone.Mtp.Tests.csproj" />
  </Folder>
</Solution>
